
Microsoft Visual Studio Solution File, Format Version 12.00
# Visual Studio Version 16
VisualStudioVersion = 16.0.30114.105
MinimumVisualStudioVersion = 10.0.40219.1
Project("{FAE04EC0-301F-11D3-BF4B-00C04F79EFBC}") = "API", "API\API.csproj", "{25B68CC6-A97B-43F5-923A-8E37B0350BB0}"
EndProject
Project("{FAE04EC0-301F-11D3-BF4B-00C04F79EFBC}") = "Application", "Application\Application.csproj", "{A574A47F-28ED-489C-8791-48D4231FEE13}"
EndProject
Project("{FAE04EC0-301F-11D3-BF4B-00C04F79EFBC}") = "Domain", "Domain\Domain.csproj", "{4F1EFDFF-9089-46CE-AE24-717E8F9BC2B9}"
EndProject
Project("{FAE04EC0-301F-11D3-BF4B-00C04F79EFBC}") = "Infrastructure", "Infrastructure\Infrastructure.csproj", "{85D2C454-1F51-4777-B5CF-7636E7467149}"
EndProject
Project("{FAE04EC0-301F-11D3-BF4B-00C04F79EFBC}") = "Migrations", "Migrations\Migrations.csproj", "{81D09773-AB38-43AB-B7F1-6B1F6277C84A}"
EndProject
Global
	GlobalSection(SolutionConfigurationPlatforms) = preSolution
		Debug|Any CPU = Debug|Any CPU
		Release|Any CPU = Release|Any CPU
	EndGlobalSection
	GlobalSection(SolutionProperties) = preSolution
		HideSolutionNode = FALSE
	EndGlobalSection
	GlobalSection(ProjectConfigurationPlatforms) = postSolution
		{25B68CC6-A97B-43F5-923A-8E37B0350BB0}.Debug|Any CPU.ActiveCfg = Debug|Any CPU
		{25B68CC6-A97B-43F5-923A-8E37B0350BB0}.Debug|Any CPU.Build.0 = Debug|Any CPU
		{25B68CC6-A97B-43F5-923A-8E37B0350BB0}.Release|Any CPU.ActiveCfg = Release|Any CPU
		{25B68CC6-A97B-43F5-923A-8E37B0350BB0}.Release|Any CPU.Build.0 = Release|Any CPU
		{A574A47F-28ED-489C-8791-48D4231FEE13}.Debug|Any CPU.ActiveCfg = Debug|Any CPU
		{A574A47F-28ED-489C-8791-48D4231FEE13}.Debug|Any CPU.Build.0 = Debug|Any CPU
		{A574A47F-28ED-489C-8791-48D4231FEE13}.Release|Any CPU.ActiveCfg = Release|Any CPU
		{A574A47F-28ED-489C-8791-48D4231FEE13}.Release|Any CPU.Build.0 = Release|Any CPU
		{4F1EFDFF-9089-46CE-AE24-717E8F9BC2B9}.Debug|Any CPU.ActiveCfg = Debug|Any CPU
		{4F1EFDFF-9089-46CE-AE24-717E8F9BC2B9}.Debug|Any CPU.Build.0 = Debug|Any CPU
		{4F1EFDFF-9089-46CE-AE24-717E8F9BC2B9}.Release|Any CPU.ActiveCfg = Release|Any CPU
		{4F1EFDFF-9089-46CE-AE24-717E8F9BC2B9}.Release|Any CPU.Build.0 = Release|Any CPU
		{85D2C454-1F51-4777-B5CF-7636E7467149}.Debug|Any CPU.ActiveCfg = Debug|Any CPU
		{85D2C454-1F51-4777-B5CF-7636E7467149}.Debug|Any CPU.Build.0 = Debug|Any CPU
		{85D2C454-1F51-4777-B5CF-7636E7467149}.Release|Any CPU.ActiveCfg = Release|Any CPU
		{85D2C454-1F51-4777-B5CF-7636E7467149}.Release|Any CPU.Build.0 = Release|Any CPU
		{81D09773-AB38-43AB-B7F1-6B1F6277C84A}.Debug|Any CPU.ActiveCfg = Debug|Any CPU
		{81D09773-AB38-43AB-B7F1-6B1F6277C84A}.Debug|Any CPU.Build.0 = Debug|Any CPU
		{81D09773-AB38-43AB-B7F1-6B1F6277C84A}.Release|Any CPU.ActiveCfg = Release|Any CPU
		{81D09773-AB38-43AB-B7F1-6B1F6277C84A}.Release|Any CPU.Build.0 = Release|Any CPU
	EndGlobalSection
EndGlobal
